
Microsoft Visual Studio Solution File, Format Version 12.00
# Visual Studio Version 16
VisualStudioVersion = 16.0.30523.141
MinimumVisualStudioVersion = 10.0.40219.1
Project("{FAE04EC0-301F-11D3-BF4B-00C04F79EFBC}") = "InternetStatusF", "InternetStatusF\InternetStatusF.csproj", "{6E9BA8BA-141B-4E1F-A6D7-E0A7FBEDF7F9}"
EndProject
Global
	GlobalSection(SolutionConfigurationPlatforms) = preSolution
		Debug|Any CPU = Debug|Any CPU
		Release|Any CPU = Release|Any CPU
	EndGlobalSection
	GlobalSection(ProjectConfigurationPlatforms) = postSolution
		{6E9BA8BA-141B-4E1F-A6D7-E0A7FBEDF7F9}.Debug|Any CPU.ActiveCfg = Debug|Any CPU
		{6E9BA8BA-141B-4E1F-A6D7-E0A7FBEDF7F9}.Debug|Any CPU.Build.0 = Debug|Any CPU
		{6E9BA8BA-141B-4E1F-A6D7-E0A7FBEDF7F9}.Release|Any CPU.ActiveCfg = Release|Any CPU
		{6E9BA8BA-141B-4E1F-A6D7-E0A7FBEDF7F9}.Release|Any CPU.Build.0 = Release|Any CPU
	EndGlobalSection
	GlobalSection(SolutionProperties) = preSolution
		HideSolutionNode = FALSE
	EndGlobalSection
	GlobalSection(ExtensibilityGlobals) = postSolution
		SolutionGuid = {F1A84EB3-5F85-49C3-9221-743028BDE553}
	EndGlobalSection
EndGlobal
